
Microsoft Visual Studio Solution File, Format Version 12.00
# Visual Studio Version 17
VisualStudioVersion = 17.4.33103.184
MinimumVisualStudioVersion = 10.0.40219.1
Project("{FAE04EC0-301F-11D3-BF4B-00C04F79EFBC}") = "HW4.4", "HW4.4\HW4.4.csproj", "{88B65B0A-8581-4309-844E-33B9B84AE0FB}"
EndProject
Global
	GlobalSection(SolutionConfigurationPlatforms) = preSolution
		Debug|Any CPU = Debug|Any CPU
		Release|Any CPU = Release|Any CPU
	EndGlobalSection
	GlobalSection(ProjectConfigurationPlatforms) = postSolution
		{88B65B0A-8581-4309-844E-33B9B84AE0FB}.Debug|Any CPU.ActiveCfg = Debug|Any CPU
		{88B65B0A-8581-4309-844E-33B9B84AE0FB}.Debug|Any CPU.Build.0 = Debug|Any CPU
		{88B65B0A-8581-4309-844E-33B9B84AE0FB}.Release|Any CPU.ActiveCfg = Release|Any CPU
		{88B65B0A-8581-4309-844E-33B9B84AE0FB}.Release|Any CPU.Build.0 = Release|Any CPU
	EndGlobalSection
	GlobalSection(SolutionProperties) = preSolution
		HideSolutionNode = FALSE
	EndGlobalSection
	GlobalSection(ExtensibilityGlobals) = postSolution
		SolutionGuid = {F94B1678-8B23-434D-B20D-C863B8D1E46C}
	EndGlobalSection
EndGlobal
